
Microsoft Visual Studio Solution File, Format Version 12.00
Project("{FAE04EC0-301F-11D3-BF4B-00C04F79EFBC}") = "JsonRevert.WebAPI", "JsonRevert.WebAPI\JsonRevert.WebAPI.csproj", "{A3BA040A-F808-425B-8E14-D37711C3940F}"
EndProject
Global
	GlobalSection(SolutionConfigurationPlatforms) = preSolution
		Debug|Any CPU = Debug|Any CPU
		Release|Any CPU = Release|Any CPU
	EndGlobalSection
	GlobalSection(ProjectConfigurationPlatforms) = postSolution
		{A3BA040A-F808-425B-8E14-D37711C3940F}.Debug|Any CPU.ActiveCfg = Debug|Any CPU
		{A3BA040A-F808-425B-8E14-D37711C3940F}.Debug|Any CPU.Build.0 = Debug|Any CPU
		{A3BA040A-F808-425B-8E14-D37711C3940F}.Release|Any CPU.ActiveCfg = Release|Any CPU
		{A3BA040A-F808-425B-8E14-D37711C3940F}.Release|Any CPU.Build.0 = Release|Any CPU
	EndGlobalSection
EndGlobal
